// !$*UTF8*$!
{
	archiveVersion = 1;
	classes = {
	};
	objectVersion = 56;
	objects = {

/* Begin PBXBuildFile section */
		2D143C3172AB4975B95A37AE /* Pods_wheel.framework in Frameworks */ = {isa = PBXBuildFile; fileRef = 7B4D6B539EF47A46058FFCE8 /* Pods_wheel.framework */; };
		843070FD2B92C37800534FE9 /* ListViewController.swift in Sources */ = {isa = PBXBuildFile; fileRef = 843070FB2B92C37800534FE9 /* ListViewController.swift */; };
		843070FE2B92C37800534FE9 /* ListViewController.xib in Resources */ = {isa = PBXBuildFile; fileRef = 843070FC2B92C37800534FE9 /* ListViewController.xib */; };
		843071002B92C38E00534FE9 /* ListViewModel.swift in Sources */ = {isa = PBXBuildFile; fileRef = 843070FF2B92C38E00534FE9 /* ListViewModel.swift */; };
		843071042B92C3DF00534FE9 /* DetailViewController.swift in Sources */ = {isa = PBXBuildFile; fileRef = 843071022B92C3DF00534FE9 /* DetailViewController.swift */; };
		843071052B92C3DF00534FE9 /* DetailViewController.xib in Resources */ = {isa = PBXBuildFile; fileRef = 843071032B92C3DF00534FE9 /* DetailViewController.xib */; };
		843071072B92C3F000534FE9 /* DetailViewModel.swift in Sources */ = {isa = PBXBuildFile; fileRef = 843071062B92C3F000534FE9 /* DetailViewModel.swift */; };
		8430710A2B93147D00534FE9 /* Models.swift in Sources */ = {isa = PBXBuildFile; fileRef = 843071092B93147D00534FE9 /* Models.swift */; };
		8430710D2B931CE400534FE9 /* RealmRepository.swift in Sources */ = {isa = PBXBuildFile; fileRef = 8430710C2B931CE400534FE9 /* RealmRepository.swift */; };
		8478B7EE2B900DAD006AF480 /* AppDelegate.swift in Sources */ = {isa = PBXBuildFile; fileRef = 8478B7ED2B900DAD006AF480 /* AppDelegate.swift */; };
		8478B7F02B900DAD006AF480 /* SceneDelegate.swift in Sources */ = {isa = PBXBuildFile; fileRef = 8478B7EF2B900DAD006AF480 /* SceneDelegate.swift */; };
		8478B7F22B900DAD006AF480 /* ViewController.swift in Sources */ = {isa = PBXBuildFile; fileRef = 8478B7F12B900DAD006AF480 /* ViewController.swift */; };
		8478B7F52B900DAE006AF480 /* Main.storyboard in Resources */ = {isa = PBXBuildFile; fileRef = 8478B7F32B900DAE006AF480 /* Main.storyboard */; };
		8478B7F72B900DB1006AF480 /* Assets.xcassets in Resources */ = {isa = PBXBuildFile; fileRef = 8478B7F62B900DB1006AF480 /* Assets.xcassets */; };
		8478B7FA2B900DB1006AF480 /* LaunchScreen.storyboard in Resources */ = {isa = PBXBuildFile; fileRef = 8478B7F82B900DB1006AF480 /* LaunchScreen.storyboard */; };
		849A3A642B902E6100122B27 /* CircleView.swift in Sources */ = {isa = PBXBuildFile; fileRef = 849A3A632B902E6100122B27 /* CircleView.swift */; };
		849A3A672B902EA600122B27 /* UIColor+.swift in Sources */ = {isa = PBXBuildFile; fileRef = 849A3A662B902EA600122B27 /* UIColor+.swift */; };
		849A3A6E2B90308300122B27 /* HomeViewModel.swift in Sources */ = {isa = PBXBuildFile; fileRef = 849A3A6D2B90308300122B27 /* HomeViewModel.swift */; };
		849A3A702B90335600122B27 /* UIView+.swift in Sources */ = {isa = PBXBuildFile; fileRef = 849A3A6F2B90335600122B27 /* UIView+.swift */; };
		849A3A732B90B55D00122B27 /* cat-scratch.json in Resources */ = {isa = PBXBuildFile; fileRef = 849A3A722B90B55D00122B27 /* cat-scratch.json */; };
		849A3A792B90C6E800122B27 /* firework.json in Resources */ = {isa = PBXBuildFile; fileRef = 849A3A782B90C6E800122B27 /* firework.json */; };
		84EB484C2B916B50005CFA33 /* go.json in Resources */ = {isa = PBXBuildFile; fileRef = 84EB484B2B916B50005CFA33 /* go.json */; };
		84EEACB02B94532300E61239 /* ListTableViewCell.swift in Sources */ = {isa = PBXBuildFile; fileRef = 84EEACAE2B94532300E61239 /* ListTableViewCell.swift */; };
		84EEACB12B94532300E61239 /* ListTableViewCell.xib in Resources */ = {isa = PBXBuildFile; fileRef = 84EEACAF2B94532300E61239 /* ListTableViewCell.xib */; };
/* End PBXBuildFile section */

/* Begin PBXFileReference section */
		37BA288423D267D78EF6E473 /* Pods-wheel.debug.xcconfig */ = {isa = PBXFileReference; includeInIndex = 1; lastKnownFileType = text.xcconfig; name = "Pods-wheel.debug.xcconfig"; path = "Target Support Files/Pods-wheel/Pods-wheel.debug.xcconfig"; sourceTree = "<group>"; };
		47D3789D1DF2C9588C094CB5 /* Pods-wheel.release.xcconfig */ = {isa = PBXFileReference; includeInIndex = 1; lastKnownFileType = text.xcconfig; name = "Pods-wheel.release.xcconfig"; path = "Target Support Files/Pods-wheel/Pods-wheel.release.xcconfig"; sourceTree = "<group>"; };
		7B4D6B539EF47A46058FFCE8 /* Pods_wheel.framework */ = {isa = PBXFileReference; explicitFileType = wrapper.framework; includeInIndex = 0; path = Pods_wheel.framework; sourceTree = BUILT_PRODUCTS_DIR; };
		843070FB2B92C37800534FE9 /* ListViewController.swift */ = {isa = PBXFileReference; lastKnownFileType = sourcecode.swift; path = ListViewController.swift; sourceTree = "<group>"; };
		843070FC2B92C37800534FE9 /* ListViewController.xib */ = {isa = PBXFileReference; lastKnownFileType = file.xib; path = ListViewController.xib; sourceTree = "<group>"; };
		843070FF2B92C38E00534FE9 /* ListViewModel.swift */ = {isa = PBXFileReference; lastKnownFileType = sourcecode.swift; path = ListViewModel.swift; sourceTree = "<group>"; };
		843071022B92C3DF00534FE9 /* DetailViewController.swift */ = {isa = PBXFileReference; lastKnownFileType = sourcecode.swift; path = DetailViewController.swift; sourceTree = "<group>"; };
		843071032B92C3DF00534FE9 /* DetailViewController.xib */ = {isa = PBXFileReference; lastKnownFileType = file.xib; path = DetailViewController.xib; sourceTree = "<group>"; };
		843071062B92C3F000534FE9 /* DetailViewModel.swift */ = {isa = PBXFileReference; lastKnownFileType = sourcecode.swift; path = DetailViewModel.swift; sourceTree = "<group>"; };
		843071092B93147D00534FE9 /* Models.swift */ = {isa = PBXFileReference; lastKnownFileType = sourcecode.swift; path = Models.swift; sourceTree = "<group>"; };
		8430710C2B931CE400534FE9 /* RealmRepository.swift */ = {isa = PBXFileReference; lastKnownFileType = sourcecode.swift; path = RealmRepository.swift; sourceTree = "<group>"; };
		8478B7EA2B900DAD006AF480 /* wheel.app */ = {isa = PBXFileReference; explicitFileType = wrapper.application; includeInIndex = 0; path = wheel.app; sourceTree = BUILT_PRODUCTS_DIR; };
		8478B7ED2B900DAD006AF480 /* AppDelegate.swift */ = {isa = PBXFileReference; lastKnownFileType = sourcecode.swift; path = AppDelegate.swift; sourceTree = "<group>"; };
		8478B7EF2B900DAD006AF480 /* SceneDelegate.swift */ = {isa = PBXFileReference; lastKnownFileType = sourcecode.swift; path = SceneDelegate.swift; sourceTree = "<group>"; };
		8478B7F12B900DAD006AF480 /* ViewController.swift */ = {isa = PBXFileReference; lastKnownFileType = sourcecode.swift; path = ViewController.swift; sourceTree = "<group>"; };
		8478B7F42B900DAE006AF480 /* Base */ = {isa = PBXFileReference; lastKnownFileType = file.storyboard; name = Base; path = Base.lproj/Main.storyboard; sourceTree = "<group>"; };
		8478B7F62B900DB1006AF480 /* Assets.xcassets */ = {isa = PBXFileReference; lastKnownFileType = folder.assetcatalog; path = Assets.xcassets; sourceTree = "<group>"; };
		8478B7F92B900DB1006AF480 /* Base */ = {isa = PBXFileReference; lastKnownFileType = file.storyboard; name = Base; path = Base.lproj/LaunchScreen.storyboard; sourceTree = "<group>"; };
		8478B7FB2B900DB1006AF480 /* Info.plist */ = {isa = PBXFileReference; lastKnownFileType = text.plist.xml; path = Info.plist; sourceTree = "<group>"; };
		849A3A632B902E6100122B27 /* CircleView.swift */ = {isa = PBXFileReference; lastKnownFileType = sourcecode.swift; path = CircleView.swift; sourceTree = "<group>"; };
		849A3A662B902EA600122B27 /* UIColor+.swift */ = {isa = PBXFileReference; lastKnownFileType = sourcecode.swift; path = "UIColor+.swift"; sourceTree = "<group>"; };
		849A3A6D2B90308300122B27 /* HomeViewModel.swift */ = {isa = PBXFileReference; lastKnownFileType = sourcecode.swift; path = HomeViewModel.swift; sourceTree = "<group>"; };
		849A3A6F2B90335600122B27 /* UIView+.swift */ = {isa = PBXFileReference; lastKnownFileType = sourcecode.swift; path = "UIView+.swift"; sourceTree = "<group>"; };
		849A3A722B90B55D00122B27 /* cat-scratch.json */ = {isa = PBXFileReference; fileEncoding = 4; lastKnownFileType = text.json; path = "cat-scratch.json"; sourceTree = "<group>"; };
		849A3A782B90C6E800122B27 /* firework.json */ = {isa = PBXFileReference; fileEncoding = 4; lastKnownFileType = text.json; path = firework.json; sourceTree = "<group>"; };
		84EB484B2B916B50005CFA33 /* go.json */ = {isa = PBXFileReference; fileEncoding = 4; lastKnownFileType = text.json; path = go.json; sourceTree = "<group>"; };
		84EEACAE2B94532300E61239 /* ListTableViewCell.swift */ = {isa = PBXFileReference; lastKnownFileType = sourcecode.swift; path = ListTableViewCell.swift; sourceTree = "<group>"; };
		84EEACAF2B94532300E61239 /* ListTableViewCell.xib */ = {isa = PBXFileReference; lastKnownFileType = file.xib; path = ListTableViewCell.xib; sourceTree = "<group>"; };
/* End PBXFileReference section */

/* Begin PBXFrameworksBuildPhase section */
		8478B7E72B900DAD006AF480 /* Frameworks */ = {
			isa = PBXFrameworksBuildPhase;
			buildActionMask = 2147483647;
			files = (
				2D143C3172AB4975B95A37AE /* Pods_wheel.framework in Frameworks */,
			);
			runOnlyForDeploymentPostprocessing = 0;
		};
/* End PBXFrameworksBuildPhase section */

/* Begin PBXGroup section */
		35224F0BE8A1B11C5F9AEF25 /* Frameworks */ = {
			isa = PBXGroup;
			children = (
				7B4D6B539EF47A46058FFCE8 /* Pods_wheel.framework */,
			);
			name = Frameworks;
			sourceTree = "<group>";
		};
		843071012B92C3B800534FE9 /* Detail */ = {
			isa = PBXGroup;
			children = (
				843071032B92C3DF00534FE9 /* DetailViewController.xib */,
				843071022B92C3DF00534FE9 /* DetailViewController.swift */,
				843071062B92C3F000534FE9 /* DetailViewModel.swift */,
			);
			path = Detail;
			sourceTree = "<group>";
		};
		843071082B93143700534FE9 /* Data */ = {
			isa = PBXGroup;
			children = (
				843071092B93147D00534FE9 /* Models.swift */,
				8430710C2B931CE400534FE9 /* RealmRepository.swift */,
			);
			path = Data;
			sourceTree = "<group>";
		};
		8478B7E12B900DAD006AF480 = {
			isa = PBXGroup;
			children = (
				8478B7EC2B900DAD006AF480 /* wheel */,
				8478B7EB2B900DAD006AF480 /* Products */,
				88BE81CB568F81C0B171FD33 /* Pods */,
				35224F0BE8A1B11C5F9AEF25 /* Frameworks */,
			);
			sourceTree = "<group>";
		};
		8478B7EB2B900DAD006AF480 /* Products */ = {
			isa = PBXGroup;
			children = (
				8478B7EA2B900DAD006AF480 /* wheel.app */,
			);
			name = Products;
			sourceTree = "<group>";
		};
		8478B7EC2B900DAD006AF480 /* wheel */ = {
			isa = PBXGroup;
			children = (
				849A3A692B902EDD00122B27 /* Configs */,
				849A3A652B902E8300122B27 /* Utils */,
				843071082B93143700534FE9 /* Data */,
				849A3A682B902ECA00122B27 /* Screens */,
			);
			path = wheel;
			sourceTree = "<group>";
		};
		849A3A652B902E8300122B27 /* Utils */ = {
			isa = PBXGroup;
			children = (
				849A3A6A2B902F2100122B27 /* Extension+ */,
				849A3A632B902E6100122B27 /* CircleView.swift */,
			);
			path = Utils;
			sourceTree = "<group>";
		};
		849A3A682B902ECA00122B27 /* Screens */ = {
			isa = PBXGroup;
			children = (
				849A3A6C2B90306200122B27 /* Splash */,
				849A3A6B2B90305600122B27 /* Home */,
				849A3A712B9087A500122B27 /* List */,
			);
			path = Screens;
			sourceTree = "<group>";
		};
		849A3A692B902EDD00122B27 /* Configs */ = {
			isa = PBXGroup;
			children = (
				8478B7F62B900DB1006AF480 /* Assets.xcassets */,
				8478B7FB2B900DB1006AF480 /* Info.plist */,
				8478B7ED2B900DAD006AF480 /* AppDelegate.swift */,
				8478B7EF2B900DAD006AF480 /* SceneDelegate.swift */,
				849A3A722B90B55D00122B27 /* cat-scratch.json */,
				849A3A782B90C6E800122B27 /* firework.json */,
				84EB484B2B916B50005CFA33 /* go.json */,
			);
			path = Configs;
			sourceTree = "<group>";
		};
		849A3A6A2B902F2100122B27 /* Extension+ */ = {
			isa = PBXGroup;
			children = (
				849A3A662B902EA600122B27 /* UIColor+.swift */,
				849A3A6F2B90335600122B27 /* UIView+.swift */,
			);
			path = "Extension+";
			sourceTree = "<group>";
		};
		849A3A6B2B90305600122B27 /* Home */ = {
			isa = PBXGroup;
			children = (
				8478B7F32B900DAE006AF480 /* Main.storyboard */,
				8478B7F12B900DAD006AF480 /* ViewController.swift */,
				849A3A6D2B90308300122B27 /* HomeViewModel.swift */,
			);
			path = Home;
			sourceTree = "<group>";
		};
		849A3A6C2B90306200122B27 /* Splash */ = {
			isa = PBXGroup;
			children = (
				8478B7F82B900DB1006AF480 /* LaunchScreen.storyboard */,
			);
			path = Splash;
			sourceTree = "<group>";
		};
		849A3A712B9087A500122B27 /* List */ = {
			isa = PBXGroup;
			children = (
				843071012B92C3B800534FE9 /* Detail */,
				84EEACAD2B9452EF00E61239 /* Cells */,
				843070FC2B92C37800534FE9 /* ListViewController.xib */,
				843070FB2B92C37800534FE9 /* ListViewController.swift */,
				843070FF2B92C38E00534FE9 /* ListViewModel.swift */,
			);
			path = List;
			sourceTree = "<group>";
		};
		84EEACAD2B9452EF00E61239 /* Cells */ = {
			isa = PBXGroup;
			children = (
				84EEACAE2B94532300E61239 /* ListTableViewCell.swift */,
				84EEACAF2B94532300E61239 /* ListTableViewCell.xib */,
			);
			path = Cells;
			sourceTree = "<group>";
		};
		88BE81CB568F81C0B171FD33 /* Pods */ = {
			isa = PBXGroup;
			children = (
				37BA288423D267D78EF6E473 /* Pods-wheel.debug.xcconfig */,
				47D3789D1DF2C9588C094CB5 /* Pods-wheel.release.xcconfig */,
			);
			path = Pods;
			sourceTree = "<group>";
		};
/* End PBXGroup section */

/* Begin PBXNativeTarget section */
		8478B7E92B900DAD006AF480 /* wheel */ = {
			isa = PBXNativeTarget;
			buildConfigurationList = 8478B7FE2B900DB1006AF480 /* Build configuration list for PBXNativeTarget "wheel" */;
			buildPhases = (
				86B781EF003FCD336560B687 /* [CP] Check Pods Manifest.lock */,
				8478B7E62B900DAD006AF480 /* Sources */,
				8478B7E72B900DAD006AF480 /* Frameworks */,
				8478B7E82B900DAD006AF480 /* Resources */,
				6A6C8D94BE1F44147BA77530 /* [CP] Embed Pods Frameworks */,
			);
			buildRules = (
			);
			dependencies = (
			);
			name = wheel;
			productName = wheel;
			productReference = 8478B7EA2B900DAD006AF480 /* wheel.app */;
			productType = "com.apple.product-type.application";
		};
/* End PBXNativeTarget section */

/* Begin PBXProject section */
		8478B7E22B900DAD006AF480 /* Project object */ = {
			isa = PBXProject;
			attributes = {
				BuildIndependentTargetsInParallel = 1;
				LastSwiftUpdateCheck = 1520;
				LastUpgradeCheck = 1520;
				TargetAttributes = {
					8478B7E92B900DAD006AF480 = {
						CreatedOnToolsVersion = 15.2;
					};
				};
			};
			buildConfigurationList = 8478B7E52B900DAD006AF480 /* Build configuration list for PBXProject "wheel" */;
			compatibilityVersion = "Xcode 14.0";
			developmentRegion = en;
			hasScannedForEncodings = 0;
			knownRegions = (
				en,
				Base,
			);
			mainGroup = 8478B7E12B900DAD006AF480;
			productRefGroup = 8478B7EB2B900DAD006AF480 /* Products */;
			projectDirPath = "";
			projectRoot = "";
			targets = (
				8478B7E92B900DAD006AF480 /* wheel */,
			);
		};
/* End PBXProject section */

/* Begin PBXResourcesBuildPhase section */
		8478B7E82B900DAD006AF480 /* Resources */ = {
			isa = PBXResourcesBuildPhase;
			buildActionMask = 2147483647;
			files = (
				8478B7FA2B900DB1006AF480 /* LaunchScreen.storyboard in Resources */,
				849A3A732B90B55D00122B27 /* cat-scratch.json in Resources */,
				843070FE2B92C37800534FE9 /* ListViewController.xib in Resources */,
				843071052B92C3DF00534FE9 /* DetailViewController.xib in Resources */,
				84EEACB12B94532300E61239 /* ListTableViewCell.xib in Resources */,
				8478B7F72B900DB1006AF480 /* Assets.xcassets in Resources */,
				84EB484C2B916B50005CFA33 /* go.json in Resources */,
				849A3A792B90C6E800122B27 /* firework.json in Resources */,
				8478B7F52B900DAE006AF480 /* Main.storyboard in Resources */,
			);
			runOnlyForDeploymentPostprocessing = 0;
		};
/* End PBXResourcesBuildPhase section */

/* Begin PBXShellScriptBuildPhase section */
		6A6C8D94BE1F44147BA77530 /* [CP] Embed Pods Frameworks */ = {
			isa = PBXShellScriptBuildPhase;
			buildActionMask = 2147483647;
			files = (
			);
			inputFileListPaths = (
				"${PODS_ROOT}/Target Support Files/Pods-wheel/Pods-wheel-frameworks-${CONFIGURATION}-input-files.xcfilelist",
			);
			name = "[CP] Embed Pods Frameworks";
			outputFileListPaths = (
				"${PODS_ROOT}/Target Support Files/Pods-wheel/Pods-wheel-frameworks-${CONFIGURATION}-output-files.xcfilelist",
			);
			runOnlyForDeploymentPostprocessing = 0;
			shellPath = /bin/sh;
			shellScript = "\"${PODS_ROOT}/Target Support Files/Pods-wheel/Pods-wheel-frameworks.sh\"\n";
			showEnvVarsInLog = 0;
		};
		86B781EF003FCD336560B687 /* [CP] Check Pods Manifest.lock */ = {
			isa = PBXShellScriptBuildPhase;
			buildActionMask = 2147483647;
			files = (
			);
			inputFileListPaths = (
			);
			inputPaths = (
				"${PODS_PODFILE_DIR_PATH}/Podfile.lock",
				"${PODS_ROOT}/Manifest.lock",
			);
			name = "[CP] Check Pods Manifest.lock";
			outputFileListPaths = (
			);
			outputPaths = (
				"$(DERIVED_FILE_DIR)/Pods-wheel-checkManifestLockResult.txt",
			);
			runOnlyForDeploymentPostprocessing = 0;
			shellPath = /bin/sh;
			shellScript = "diff \"${PODS_PODFILE_DIR_PATH}/Podfile.lock\" \"${PODS_ROOT}/Manifest.lock\" > /dev/null\nif [ $? != 0 ] ; then\n    # print error to STDERR\n    echo \"error: The sandbox is not in sync with the Podfile.lock. Run 'pod install' or update your CocoaPods installation.\" >&2\n    exit 1\nfi\n# This output is used by Xcode 'outputs' to avoid re-running this script phase.\necho \"SUCCESS\" > \"${SCRIPT_OUTPUT_FILE_0}\"\n";
			showEnvVarsInLog = 0;
		};
/* End PBXShellScriptBuildPhase section */

/* Begin PBXSourcesBuildPhase section */
		8478B7E62B900DAD006AF480 /* Sources */ = {
			isa = PBXSourcesBuildPhase;
			buildActionMask = 2147483647;
			files = (
				849A3A642B902E6100122B27 /* CircleView.swift in Sources */,
				849A3A6E2B90308300122B27 /* HomeViewModel.swift in Sources */,
				849A3A702B90335600122B27 /* UIView+.swift in Sources */,
				8430710A2B93147D00534FE9 /* Models.swift in Sources */,
				8478B7F22B900DAD006AF480 /* ViewController.swift in Sources */,
				8478B7EE2B900DAD006AF480 /* AppDelegate.swift in Sources */,
				843071002B92C38E00534FE9 /* ListViewModel.swift in Sources */,
				84EEACB02B94532300E61239 /* ListTableViewCell.swift in Sources */,
				8478B7F02B900DAD006AF480 /* SceneDelegate.swift in Sources */,
				8430710D2B931CE400534FE9 /* RealmRepository.swift in Sources */,
				843071042B92C3DF00534FE9 /* DetailViewController.swift in Sources */,
				843070FD2B92C37800534FE9 /* ListViewController.swift in Sources */,
				843071072B92C3F000534FE9 /* DetailViewModel.swift in Sources */,
				849A3A672B902EA600122B27 /* UIColor+.swift in Sources */,
			);
			runOnlyForDeploymentPostprocessing = 0;
		};
/* End PBXSourcesBuildPhase section */

/* Begin PBXVariantGroup section */
		8478B7F32B900DAE006AF480 /* Main.storyboard */ = {
			isa = PBXVariantGroup;
			children = (
				8478B7F42B900DAE006AF480 /* Base */,
			);
			name = Main.storyboard;
			sourceTree = "<group>";
		};
		8478B7F82B900DB1006AF480 /* LaunchScreen.storyboard */ = {
			isa = PBXVariantGroup;
			children = (
				8478B7F92B900DB1006AF480 /* Base */,
			);
			name = LaunchScreen.storyboard;
			sourceTree = "<group>";
		};
/* End PBXVariantGroup section */

/* Begin XCBuildConfiguration section */
		8478B7FC2B900DB1006AF480 /* Debug */ = {
			isa = XCBuildConfiguration;
			buildSettings = {
				ALWAYS_SEARCH_USER_PATHS = NO;
				ASSETCATALOG_COMPILER_GENERATE_SWIFT_ASSET_SYMBOL_EXTENSIONS = YES;
				CLANG_ANALYZER_NONNULL = YES;
				CLANG_ANALYZER_NUMBER_OBJECT_CONVERSION = YES_AGGRESSIVE;
				CLANG_CXX_LANGUAGE_STANDARD = "gnu++20";
				CLANG_ENABLE_MODULES = YES;
				CLANG_ENABLE_OBJC_ARC = YES;
				CLANG_ENABLE_OBJC_WEAK = YES;
				CLANG_WARN_BLOCK_CAPTURE_AUTORELEASING = YES;
				CLANG_WARN_BOOL_CONVERSION = YES;
				CLANG_WARN_COMMA = YES;
				CLANG_WARN_CONSTANT_CONVERSION = YES;
				CLANG_WARN_DEPRECATED_OBJC_IMPLEMENTATIONS = YES;
				CLANG_WARN_DIRECT_OBJC_ISA_USAGE = YES_ERROR;
				CLANG_WARN_DOCUMENTATION_COMMENTS = YES;
				CLANG_WARN_EMPTY_BODY = YES;
				CLANG_WARN_ENUM_CONVERSION = YES;
				CLANG_WARN_INFINITE_RECURSION = YES;
				CLANG_WARN_INT_CONVERSION = YES;
				CLANG_WARN_NON_LITERAL_NULL_CONVERSION = YES;
				CLANG_WARN_OBJC_IMPLICIT_RETAIN_SELF = YES;
				CLANG_WARN_OBJC_LITERAL_CONVERSION = YES;
				CLANG_WARN_OBJC_ROOT_CLASS = YES_ERROR;
				CLANG_WARN_QUOTED_INCLUDE_IN_FRAMEWORK_HEADER = YES;
				CLANG_WARN_RANGE_LOOP_ANALYSIS = YES;
				CLANG_WARN_STRICT_PROTOTYPES = YES;
				CLANG_WARN_SUSPICIOUS_MOVE = YES;
				CLANG_WARN_UNGUARDED_AVAILABILITY = YES_AGGRESSIVE;
				CLANG_WARN_UNREACHABLE_CODE = YES;
				CLANG_WARN__DUPLICATE_METHOD_MATCH = YES;
				COPY_PHASE_STRIP = NO;
				DEBUG_INFORMATION_FORMAT = dwarf;
				ENABLE_STRICT_OBJC_MSGSEND = YES;
				ENABLE_TESTABILITY = YES;
				ENABLE_USER_SCRIPT_SANDBOXING = YES;
				GCC_C_LANGUAGE_STANDARD = gnu17;
				GCC_DYNAMIC_NO_PIC = NO;
				GCC_NO_COMMON_BLOCKS = YES;
				GCC_OPTIMIZATION_LEVEL = 0;
				GCC_PREPROCESSOR_DEFINITIONS = (
					"DEBUG=1",
					"$(inherited)",
				);
				GCC_WARN_64_TO_32_BIT_CONVERSION = YES;
				GCC_WARN_ABOUT_RETURN_TYPE = YES_ERROR;
				GCC_WARN_UNDECLARED_SELECTOR = YES;
				GCC_WARN_UNINITIALIZED_AUTOS = YES_AGGRESSIVE;
				GCC_WARN_UNUSED_FUNCTION = YES;
				GCC_WARN_UNUSED_VARIABLE = YES;
				IPHONEOS_DEPLOYMENT_TARGET = 17.2;
				LOCALIZATION_PREFERS_STRING_CATALOGS = YES;
				MTL_ENABLE_DEBUG_INFO = INCLUDE_SOURCE;
				MTL_FAST_MATH = YES;
				ONLY_ACTIVE_ARCH = YES;
				SDKROOT = iphoneos;
				SWIFT_ACTIVE_COMPILATION_CONDITIONS = "DEBUG $(inherited)";
				SWIFT_OPTIMIZATION_LEVEL = "-Onone";
			};
			name = Debug;
		};
		8478B7FD2B900DB1006AF480 /* Release */ = {
			isa = XCBuildConfiguration;
			buildSettings = {
				ALWAYS_SEARCH_USER_PATHS = NO;
				ASSETCATALOG_COMPILER_GENERATE_SWIFT_ASSET_SYMBOL_EXTENSIONS = YES;
				CLANG_ANALYZER_NONNULL = YES;
				CLANG_ANALYZER_NUMBER_OBJECT_CONVERSION = YES_AGGRESSIVE;
				CLANG_CXX_LANGUAGE_STANDARD = "gnu++20";
				CLANG_ENABLE_MODULES = YES;
				CLANG_ENABLE_OBJC_ARC = YES;
				CLANG_ENABLE_OBJC_WEAK = YES;
				CLANG_WARN_BLOCK_CAPTURE_AUTORELEASING = YES;
				CLANG_WARN_BOOL_CONVERSION = YES;
				CLANG_WARN_COMMA = YES;
				CLANG_WARN_CONSTANT_CONVERSION = YES;
				CLANG_WARN_DEPRECATED_OBJC_IMPLEMENTATIONS = YES;
				CLANG_WARN_DIRECT_OBJC_ISA_USAGE = YES_ERROR;
				CLANG_WARN_DOCUMENTATION_COMMENTS = YES;
				CLANG_WARN_EMPTY_BODY = YES;
				CLANG_WARN_ENUM_CONVERSION = YES;
				CLANG_WARN_INFINITE_RECURSION = YES;
				CLANG_WARN_INT_CONVERSION = YES;
				CLANG_WARN_NON_LITERAL_NULL_CONVERSION = YES;
				CLANG_WARN_OBJC_IMPLICIT_RETAIN_SELF = YES;
				CLANG_WARN_OBJC_LITERAL_CONVERSION = YES;
				CLANG_WARN_OBJC_ROOT_CLASS = YES_ERROR;
				CLANG_WARN_QUOTED_INCLUDE_IN_FRAMEWORK_HEADER = YES;
				CLANG_WARN_RANGE_LOOP_ANALYSIS = YES;
				CLANG_WARN_STRICT_PROTOTYPES = YES;
				CLANG_WARN_SUSPICIOUS_MOVE = YES;
				CLANG_WARN_UNGUARDED_AVAILABILITY = YES_AGGRESSIVE;
				CLANG_WARN_UNREACHABLE_CODE = YES;
				CLANG_WARN__DUPLICATE_METHOD_MATCH = YES;
				COPY_PHASE_STRIP = NO;
				DEBUG_INFORMATION_FORMAT = "dwarf-with-dsym";
				ENABLE_NS_ASSERTIONS = NO;
				ENABLE_STRICT_OBJC_MSGSEND = YES;
				ENABLE_USER_SCRIPT_SANDBOXING = YES;
				GCC_C_LANGUAGE_STANDARD = gnu17;
				GCC_NO_COMMON_BLOCKS = YES;
				GCC_WARN_64_TO_32_BIT_CONVERSION = YES;
				GCC_WARN_ABOUT_RETURN_TYPE = YES_ERROR;
				GCC_WARN_UNDECLARED_SELECTOR = YES;
				GCC_WARN_UNINITIALIZED_AUTOS = YES_AGGRESSIVE;
				GCC_WARN_UNUSED_FUNCTION = YES;
				GCC_WARN_UNUSED_VARIABLE = YES;
				IPHONEOS_DEPLOYMENT_TARGET = 17.2;
				LOCALIZATION_PREFERS_STRING_CATALOGS = YES;
				MTL_ENABLE_DEBUG_INFO = NO;
				MTL_FAST_MATH = YES;
				SDKROOT = iphoneos;
				SWIFT_COMPILATION_MODE = wholemodule;
				VALIDATE_PRODUCT = YES;
			};
			name = Release;
		};
		8478B7FF2B900DB1006AF480 /* Debug */ = {
			isa = XCBuildConfiguration;
			baseConfigurationReference = 37BA288423D267D78EF6E473 /* Pods-wheel.debug.xcconfig */;
			buildSettings = {
				ASSETCATALOG_COMPILER_APPICON_NAME = AppIcon;
				ASSETCATALOG_COMPILER_GLOBAL_ACCENT_COLOR_NAME = AccentColor;
				CODE_SIGN_STYLE = Automatic;
				CURRENT_PROJECT_VERSION = 1;
				DEVELOPMENT_TEAM = 8DWF4448F3;
				ENABLE_USER_SCRIPT_SANDBOXING = NO;
				GENERATE_INFOPLIST_FILE = YES;
				INFOPLIST_FILE = wheel/Configs/Info.plist;
				INFOPLIST_KEY_CFBundleDisplayName = "Wheel+";
				INFOPLIST_KEY_UIApplicationSupportsIndirectInputEvents = YES;
				INFOPLIST_KEY_UILaunchStoryboardName = LaunchScreen;
				INFOPLIST_KEY_UIMainStoryboardFile = Main;
				INFOPLIST_KEY_UISupportedInterfaceOrientations = UIInterfaceOrientationPortrait;
				INFOPLIST_KEY_UISupportedInterfaceOrientations_iPad = "UIInterfaceOrientationLandscapeLeft UIInterfaceOrientationLandscapeRight UIInterfaceOrientationPortrait UIInterfaceOrientationPortraitUpsideDown";
				IPHONEOS_DEPLOYMENT_TARGET = 15.0;
				LD_RUNPATH_SEARCH_PATHS = (
					"$(inherited)",
					"@executable_path/Frameworks",
				);
				MARKETING_VERSION = 1.0;
				PRODUCT_BUNDLE_IDENTIFIER = nguyen.trong.trung.wheel;
				PRODUCT_NAME = "$(TARGET_NAME)";
				SUPPORTED_PLATFORMS = "iphoneos iphonesimulator";
				SUPPORTS_MACCATALYST = NO;
				SUPPORTS_MAC_DESIGNED_FOR_IPHONE_IPAD = NO;
				SUPPORTS_XR_DESIGNED_FOR_IPHONE_IPAD = NO;
				SWIFT_EMIT_LOC_STRINGS = YES;
				SWIFT_VERSION = 5.0;
				TARGETED_DEVICE_FAMILY = 1;
			};
			name = Debug;
		};
		8478B8002B900DB1006AF480 /* Release */ = {
			isa = XCBuildConfiguration;
			baseConfigurationReference = 47D3789D1DF2C9588C094CB5 /* Pods-wheel.release.xcconfig */;
			buildSettings = {
				ASSETCATALOG_COMPILER_APPICON_NAME = AppIcon;
				ASSETCATALOG_COMPILER_GLOBAL_ACCENT_COLOR_NAME = AccentColor;
				CODE_SIGN_STYLE = Automatic;
				CURRENT_PROJECT_VERSION = 1;
				DEVELOPMENT_TEAM = 8DWF4448F3;
				ENABLE_USER_SCRIPT_SANDBOXING = NO;
				GENERATE_INFOPLIST_FILE = YES;
				INFOPLIST_FILE = wheel/Configs/Info.plist;
				INFOPLIST_KEY_CFBundleDisplayName = "Wheel+";
				INFOPLIST_KEY_UIApplicationSupportsIndirectInputEvents = YES;
				INFOPLIST_KEY_UILaunchStoryboardName = LaunchScreen;
				INFOPLIST_KEY_UIMainStoryboardFile = Main;
				INFOPLIST_KEY_UISupportedInterfaceOrientations = UIInterfaceOrientationPortrait;
				INFOPLIST_KEY_UISupportedInterfaceOrientations_iPad = "UIInterfaceOrientationLandscapeLeft UIInterfaceOrientationLandscapeRight UIInterfaceOrientationPortrait UIInterfaceOrientationPortraitUpsideDown";
				IPHONEOS_DEPLOYMENT_TARGET = 15.0;
				LD_RUNPATH_SEARCH_PATHS = (
					"$(inherited)",
					"@executable_path/Frameworks",
				);
				MARKETING_VERSION = 1.0;
				PRODUCT_BUNDLE_IDENTIFIER = nguyen.trong.trung.wheel;
				PRODUCT_NAME = "$(TARGET_NAME)";
				SUPPORTED_PLATFORMS = "iphoneos iphonesimulator";
				SUPPORTS_MACCATALYST = NO;
				SUPPORTS_MAC_DESIGNED_FOR_IPHONE_IPAD = NO;
				SUPPORTS_XR_DESIGNED_FOR_IPHONE_IPAD = NO;
				SWIFT_EMIT_LOC_STRINGS = YES;
				SWIFT_VERSION = 5.0;
				TARGETED_DEVICE_FAMILY = 1;
			};
			name = Release;
		};
/* End XCBuildConfiguration section */

/* Begin XCConfigurationList section */
		8478B7E52B900DAD006AF480 /* Build configuration list for PBXProject "wheel" */ = {
			isa = XCConfigurationList;
			buildConfigurations = (
				8478B7FC2B900DB1006AF480 /* Debug */,
				8478B7FD2B900DB1006AF480 /* Release */,
			);
			defaultConfigurationIsVisible = 0;
			defaultConfigurationName = Release;
		};
		8478B7FE2B900DB1006AF480 /* Build configuration list for PBXNativeTarget "wheel" */ = {
			isa = XCConfigurationList;
			buildConfigurations = (
				8478B7FF2B900DB1006AF480 /* Debug */,
				8478B8002B900DB1006AF480 /* Release */,
			);
			defaultConfigurationIsVisible = 0;
			defaultConfigurationName = Release;
		};
/* End XCConfigurationList section */
	};
	rootObject = 8478B7E22B900DAD006AF480 /* Project object */;
}
